
Microsoft Visual Studio Solution File, Format Version 12.00
# Visual Studio Version 16
VisualStudioVersion = 16.0.30907.101
MinimumVisualStudioVersion = 10.0.40219.1
Project("{FAE04EC0-301F-11D3-BF4B-00C04F79EFBC}") = "FinalTask_17.6", "FinalTask_17.6\FinalTask_17.6.csproj", "{A6F6E9EC-985C-491A-9BA5-7C91C81FAFF2}"
EndProject
Global
	GlobalSection(SolutionConfigurationPlatforms) = preSolution
		Debug|Any CPU = Debug|Any CPU
		Release|Any CPU = Release|Any CPU
	EndGlobalSection
	GlobalSection(ProjectConfigurationPlatforms) = postSolution
		{A6F6E9EC-985C-491A-9BA5-7C91C81FAFF2}.Debug|Any CPU.ActiveCfg = Debug|Any CPU
		{A6F6E9EC-985C-491A-9BA5-7C91C81FAFF2}.Debug|Any CPU.Build.0 = Debug|Any CPU
		{A6F6E9EC-985C-491A-9BA5-7C91C81FAFF2}.Release|Any CPU.ActiveCfg = Release|Any CPU
		{A6F6E9EC-985C-491A-9BA5-7C91C81FAFF2}.Release|Any CPU.Build.0 = Release|Any CPU
	EndGlobalSection
	GlobalSection(SolutionProperties) = preSolution
		HideSolutionNode = FALSE
	EndGlobalSection
	GlobalSection(ExtensibilityGlobals) = postSolution
		SolutionGuid = {334A056D-477A-4E8C-B1CA-F9DAB5E97568}
	EndGlobalSection
EndGlobal
